
Microsoft Visual Studio Solution File, Format Version 12.00
Project("{FAE04EC0-301F-11D3-BF4B-00C04F79EFBC}") = "IceSMPP", "IceSMPP\IceSMPP.csproj", "{BB3488D2-7385-4883-A90C-CDE7BCDAFF70}"
EndProject
Project("{FAE04EC0-301F-11D3-BF4B-00C04F79EFBC}") = "Inetlab.SMPP", "Inetlab.SMPP\Inetlab.SMPP.csproj", "{CB5223CE-D551-4327-8D03-023B28B9F940}"
EndProject
Project("{FAE04EC0-301F-11D3-BF4B-00C04F79EFBC}") = "IceSMPP.Server", "IceSMPP.Server\IceSMPP.Server.csproj", "{667E69B2-D5A2-47EC-A5A0-CB26C89DF395}"
EndProject
Global
	GlobalSection(SolutionConfigurationPlatforms) = preSolution
		Debug|Any CPU = Debug|Any CPU
		Release|Any CPU = Release|Any CPU
	EndGlobalSection
	GlobalSection(ProjectConfigurationPlatforms) = postSolution
		{BB3488D2-7385-4883-A90C-CDE7BCDAFF70}.Debug|Any CPU.ActiveCfg = Debug|Any CPU
		{BB3488D2-7385-4883-A90C-CDE7BCDAFF70}.Debug|Any CPU.Build.0 = Debug|Any CPU
		{BB3488D2-7385-4883-A90C-CDE7BCDAFF70}.Release|Any CPU.ActiveCfg = Release|Any CPU
		{BB3488D2-7385-4883-A90C-CDE7BCDAFF70}.Release|Any CPU.Build.0 = Release|Any CPU
		{CB5223CE-D551-4327-8D03-023B28B9F940}.Debug|Any CPU.ActiveCfg = Debug|Any CPU
		{CB5223CE-D551-4327-8D03-023B28B9F940}.Debug|Any CPU.Build.0 = Debug|Any CPU
		{CB5223CE-D551-4327-8D03-023B28B9F940}.Release|Any CPU.ActiveCfg = Release|Any CPU
		{CB5223CE-D551-4327-8D03-023B28B9F940}.Release|Any CPU.Build.0 = Release|Any CPU
		{667E69B2-D5A2-47EC-A5A0-CB26C89DF395}.Debug|Any CPU.ActiveCfg = Debug|Any CPU
		{667E69B2-D5A2-47EC-A5A0-CB26C89DF395}.Debug|Any CPU.Build.0 = Debug|Any CPU
		{667E69B2-D5A2-47EC-A5A0-CB26C89DF395}.Release|Any CPU.ActiveCfg = Release|Any CPU
		{667E69B2-D5A2-47EC-A5A0-CB26C89DF395}.Release|Any CPU.Build.0 = Release|Any CPU
	EndGlobalSection
EndGlobal
